# THIS IS AN AUTOGENERATED FILE. DO NOT EDIT THIS FILE DIRECTLY.
# yarn lockfile v1


tempura@^0.4.0:
  version "0.4.0"
  resolved "https://registry.yarnpkg.com/tempura/-/tempura-0.4.0.tgz#22eada78b24f796dc714d72e88c91f79960dc8ea"
  integrity sha512-ghCAK7t3Yuy40NUA/pmS1aDY8M5MfZT4+S465S8YvwwDdgk3jLm/5BGwtMG/rMICDYY8T7Owe1qm91ArBOKd6w==

zod@^3.20.2:
  version "3.20.2"
  resolved "https://registry.yarnpkg.com/zod/-/zod-3.20.2.tgz#068606642c8f51b3333981f91c0a8ab37dfc2807"
  integrity sha512-1MzNQdAvO+54H+EaK5YpyEy0T+Ejo/7YLHS93G3RnYWh5gaotGHwGeN/ZO687qEDU2y4CdStQYXVHIgrUl5UVQ==
